// !$*UTF8*$!
{
	archiveVersion = 1;
	classes = {
	};
	objectVersion = 48;
	objects = {

/* Begin PBXBuildFile section */
		CF54BEC91EFF359D005B6F99 /* AppDelegate.swift in Sources */ = {isa = PBXBuildFile; fileRef = CF54BEC81EFF359D005B6F99 /* AppDelegate.swift */; };
		CF54BECB1EFF359D005B6F99 /* ViewController.swift in Sources */ = {isa = PBXBuildFile; fileRef = CF54BECA1EFF359D005B6F99 /* ViewController.swift */; };
		CF54BECE1EFF359D005B6F99 /* Main.storyboard in Resources */ = {isa = PBXBuildFile; fileRef = CF54BECC1EFF359D005B6F99 /* Main.storyboard */; };
		CF54BED01EFF359D005B6F99 /* Assets.xcassets in Resources */ = {isa = PBXBuildFile; fileRef = CF54BECF1EFF359D005B6F99 /* Assets.xcassets */; };
		CF54BED31EFF359D005B6F99 /* LaunchScreen.storyboard in Resources */ = {isa = PBXBuildFile; fileRef = CF54BED11EFF359D005B6F99 /* LaunchScreen.storyboard */; };
/* End PBXBuildFile section */

/* Begin PBXFileReference section */
		CF54BEC51EFF359D005B6F99 /* proj-2.app */ = {isa = PBXFileReference; explicitFileType = wrapper.application; includeInIndex = 0; path = "proj-2.app"; sourceTree = BUILT_PRODUCTS_DIR; };
		CF54BEC81EFF359D005B6F99 /* AppDelegate.swift */ = {isa = PBXFileReference; lastKnownFileType = sourcecode.swift; path = AppDelegate.swift; sourceTree = "<group>"; };
		CF54BECA1EFF359D005B6F99 /* ViewController.swift */ = {isa = PBXFileReference; lastKnownFileType = sourcecode.swift; path = ViewController.swift; sourceTree = "<group>"; };
		CF54BECD1EFF359D005B6F99 /* Base */ = {isa = PBXFileReference; lastKnownFileType = file.storyboard; name = Base; path = Base.lproj/Main.storyboard; sourceTree = "<group>"; };
		CF54BECF1EFF359D005B6F99 /* Assets.xcassets */ = {isa = PBXFileReference; lastKnownFileType = folder.assetcatalog; path = Assets.xcassets; sourceTree = "<group>"; };
		CF54BED21EFF359D005B6F99 /* Base */ = {isa = PBXFileReference; lastKnownFileType = file.storyboard; name = Base; path = Base.lproj/LaunchScreen.storyboard; sourceTree = "<group>"; };
		CF54BED41EFF359D005B6F99 /* Info.plist */ = {isa = PBXFileReference; lastKnownFileType = text.plist.xml; path = Info.plist; sourceTree = "<group>"; };
/* End PBXFileReference section */

/* Begin PBXFrameworksBuildPhase section */
		CF54BEC21EFF359D005B6F99 /* Frameworks */ = {
			isa = PBXFrameworksBuildPhase;
			buildActionMask = 2147483647;
			files = (
			);
			runOnlyForDeploymentPostprocessing = 0;
		};
/* End PBXFrameworksBuildPhase section */

/* Begin PBXGroup section */
		CF54BEBC1EFF359D005B6F99 = {
			isa = PBXGroup;
			children = (
				CF54BEC71EFF359D005B6F99 /* proj-2 */,
				CF54BEC61EFF359D005B6F99 /* Products */,
			);
			sourceTree = "<group>";
		};
		CF54BEC61EFF359D005B6F99 /* Products */ = {
			isa = PBXGroup;
			children = (
				CF54BEC51EFF359D005B6F99 /* proj-2.app */,
			);
			name = Products;
			sourceTree = "<group>";
		};
		CF54BEC71EFF359D005B6F99 /* proj-2 */ = {
			isa = PBXGroup;
			children = (
				CF54BEC81EFF359D005B6F99 /* AppDelegate.swift */,
				CF54BECA1EFF359D005B6F99 /* ViewController.swift */,
				CF54BECC1EFF359D005B6F99 /* Main.storyboard */,
				CF54BECF1EFF359D005B6F99 /* Assets.xcassets */,
				CF54BED11EFF359D005B6F99 /* LaunchScreen.storyboard */,
				CF54BED41EFF359D005B6F99 /* Info.plist */,
			);
			path = "proj-2";
			sourceTree = "<group>";
		};
/* End PBXGroup section */

/* Begin PBXNativeTarget section */
		CF54BEC41EFF359D005B6F99 /* proj-2 */ = {
			isa = PBXNativeTarget;
			buildConfigurationList = CF54BED71EFF359D005B6F99 /* Build configuration list for PBXNativeTarget "proj-2" */;
			buildPhases = (
				CF54BEC11EFF359D005B6F99 /* Sources */,
				CF54BEC21EFF359D005B6F99 /* Frameworks */,
				CF54BEC31EFF359D005B6F99 /* Resources */,
			);
			buildRules = (
			);
			dependencies = (
			);
			name = "proj-2";
			productName = "proj-2";
			productReference = CF54BEC51EFF359D005B6F99 /* proj-2.app */;
			productType = "com.apple.product-type.application";
		};
/* End PBXNativeTarget section */

/* Begin PBXProject section */
		CF54BEBD1EFF359D005B6F99 /* Project object */ = {
			isa = PBXProject;
			attributes = {
				LastSwiftUpdateCheck = 0900;
				LastUpgradeCheck = 0900;
				ORGANIZATIONNAME = "Ramesh Parthasarathy";
				TargetAttributes = {
					CF54BEC41EFF359D005B6F99 = {
						CreatedOnToolsVersion = 9.0;
					};
				};
			};
			buildConfigurationList = CF54BEC01EFF359D005B6F99 /* Build configuration list for PBXProject "proj-2" */;
			compatibilityVersion = "Xcode 8.0";
			developmentRegion = en;
			hasScannedForEncodings = 0;
			knownRegions = (
				en,
				Base,
			);
			mainGroup = CF54BEBC1EFF359D005B6F99;
			productRefGroup = CF54BEC61EFF359D005B6F99 /* Products */;
			projectDirPath = "";
			projectRoot = "";
			targets = (
				CF54BEC41EFF359D005B6F99 /* proj-2 */,
			);
		};
/* End PBXProject section */

/* Begin PBXResourcesBuildPhase section */
		CF54BEC31EFF359D005B6F99 /* Resources */ = {
			isa = PBXResourcesBuildPhase;
			buildActionMask = 2147483647;
			files = (
				CF54BED31EFF359D005B6F99 /* LaunchScreen.storyboard in Resources */,
				CF54BED01EFF359D005B6F99 /* Assets.xcassets in Resources */,
				CF54BECE1EFF359D005B6F99 /* Main.storyboard in Resources */,
			);
			runOnlyForDeploymentPostprocessing = 0;
		};
/* End PBXResourcesBuildPhase section */

/* Begin PBXSourcesBuildPhase section */
		CF54BEC11EFF359D005B6F99 /* Sources */ = {
			isa = PBXSourcesBuildPhase;
			buildActionMask = 2147483647;
			files = (
				CF54BECB1EFF359D005B6F99 /* ViewController.swift in Sources */,
				CF54BEC91EFF359D005B6F99 /* AppDelegate.swift in Sources */,
			);
			runOnlyForDeploymentPostprocessing = 0;
		};
/* End PBXSourcesBuildPhase section */

/* Begin PBXVariantGroup section */
		CF54BECC1EFF359D005B6F99 /* Main.storyboard */ = {
			isa = PBXVariantGroup;
			children = (
				CF54BECD1EFF359D005B6F99 /* Base */,
			);
			name = Main.storyboard;
			sourceTree = "<group>";
		};
		CF54BED11EFF359D005B6F99 /* LaunchScreen.storyboard */ = {
			isa = PBXVariantGroup;
			children = (
				CF54BED21EFF359D005B6F99 /* Base */,
			);
			name = LaunchScreen.storyboard;
			sourceTree = "<group>";
		};
/* End PBXVariantGroup section */

/* Begin XCBuildConfiguration section */
		CF54BED51EFF359D005B6F99 /* Debug */ = {
			isa = XCBuildConfiguration;
			buildSettings = {
				ALWAYS_SEARCH_USER_PATHS = NO;
				CLANG_ANALYZER_NONNULL = YES;
				CLANG_ANALYZER_NUMBER_OBJECT_CONVERSION = YES_AGGRESSIVE;
				CLANG_CXX_LANGUAGE_STANDARD = "gnu++14";
				CLANG_CXX_LIBRARY = "libc++";
				CLANG_ENABLE_MODULES = YES;
				CLANG_ENABLE_OBJC_ARC = YES;
				CLANG_WARN_BLOCK_CAPTURE_AUTORELEASING = YES;
				CLANG_WARN_BOOL_CONVERSION = YES;
				CLANG_WARN_COMMA = YES;
				CLANG_WARN_CONSTANT_CONVERSION = YES;
				CLANG_WARN_DIRECT_OBJC_ISA_USAGE = YES_ERROR;
				CLANG_WARN_DOCUMENTATION_COMMENTS = YES;
				CLANG_WARN_EMPTY_BODY = YES;
				CLANG_WARN_ENUM_CONVERSION = YES;
				CLANG_WARN_INFINITE_RECURSION = YES;
				CLANG_WARN_INT_CONVERSION = YES;
				CLANG_WARN_OBJC_ROOT_CLASS = YES_ERROR;
				CLANG_WARN_RANGE_LOOP_ANALYSIS = YES;
				CLANG_WARN_STRICT_PROTOTYPES = YES;
				CLANG_WARN_SUSPICIOUS_MOVE = YES;
				CLANG_WARN_UNGUARDED_AVAILABILITY = YES_AGGRESSIVE;
				CLANG_WARN_UNREACHABLE_CODE = YES;
				CLANG_WARN__DUPLICATE_METHOD_MATCH = YES;
				CODE_SIGN_IDENTITY = "iPhone Developer";
				COPY_PHASE_STRIP = NO;
				DEBUG_INFORMATION_FORMAT = dwarf;
				ENABLE_STRICT_OBJC_MSGSEND = YES;
				ENABLE_TESTABILITY = YES;
				GCC_C_LANGUAGE_STANDARD = gnu11;
				GCC_DYNAMIC_NO_PIC = NO;
				GCC_NO_COMMON_BLOCKS = YES;
				GCC_OPTIMIZATION_LEVEL = 0;
				GCC_PREPROCESSOR_DEFINITIONS = (
					"DEBUG=1",
					"$(inherited)",
				);
				GCC_WARN_64_TO_32_BIT_CONVERSION = YES;
				GCC_WARN_ABOUT_RETURN_TYPE = YES_ERROR;
				GCC_WARN_UNDECLARED_SELECTOR = YES;
				GCC_WARN_UNINITIALIZED_AUTOS = YES_AGGRESSIVE;
				GCC_WARN_UNUSED_FUNCTION = YES;
				GCC_WARN_UNUSED_VARIABLE = YES;
				IPHONEOS_DEPLOYMENT_TARGET = 11.0;
				MTL_ENABLE_DEBUG_INFO = YES;
				ONLY_ACTIVE_ARCH = YES;
				SDKROOT = iphoneos;
				SWIFT_ACTIVE_COMPILATION_CONDITIONS = DEBUG;
				SWIFT_OPTIMIZATION_LEVEL = "-Onone";
			};
			name = Debug;
		};
		CF54BED61EFF359D005B6F99 /* Release */ = {
			isa = XCBuildConfiguration;
			buildSettings = {
				ALWAYS_SEARCH_USER_PATHS = NO;
				CLANG_ANALYZER_NONNULL = YES;
				CLANG_ANALYZER_NUMBER_OBJECT_CONVERSION = YES_AGGRESSIVE;
				CLANG_CXX_LANGUAGE_STANDARD = "gnu++14";
				CLANG_CXX_LIBRARY = "libc++";
				CLANG_ENABLE_MODULES = YES;
				CLANG_ENABLE_OBJC_ARC = YES;
				CLANG_WARN_BLOCK_CAPTURE_AUTORELEASING = YES;
				CLANG_WARN_BOOL_CONVERSION = YES;
				CLANG_WARN_COMMA = YES;
				CLANG_WARN_CONSTANT_CONVERSION = YES;
				CLANG_WARN_DIRECT_OBJC_ISA_USAGE = YES_ERROR;
				CLANG_WARN_DOCUMENTATION_COMMENTS = YES;
				CLANG_WARN_EMPTY_BODY = YES;
				CLANG_WARN_ENUM_CONVERSION = YES;
				CLANG_WARN_INFINITE_RECURSION = YES;
				CLANG_WARN_INT_CONVERSION = YES;
				CLANG_WARN_OBJC_ROOT_CLASS = YES_ERROR;
				CLANG_WARN_RANGE_LOOP_ANALYSIS = YES;
				CLANG_WARN_STRICT_PROTOTYPES = YES;
				CLANG_WARN_SUSPICIOUS_MOVE = YES;
				CLANG_WARN_UNGUARDED_AVAILABILITY = YES_AGGRESSIVE;
				CLANG_WARN_UNREACHABLE_CODE = YES;
				CLANG_WARN__DUPLICATE_METHOD_MATCH = YES;
				CODE_SIGN_IDENTITY = "iPhone Developer";
				COPY_PHASE_STRIP = NO;
				DEBUG_INFORMATION_FORMAT = "dwarf-with-dsym";
				ENABLE_NS_ASSERTIONS = NO;
				ENABLE_STRICT_OBJC_MSGSEND = YES;
				GCC_C_LANGUAGE_STANDARD = gnu11;
				GCC_NO_COMMON_BLOCKS = YES;
				GCC_WARN_64_TO_32_BIT_CONVERSION = YES;
				GCC_WARN_ABOUT_RETURN_TYPE = YES_ERROR;
				GCC_WARN_UNDECLARED_SELECTOR = YES;
				GCC_WARN_UNINITIALIZED_AUTOS = YES_AGGRESSIVE;
				GCC_WARN_UNUSED_FUNCTION = YES;
				GCC_WARN_UNUSED_VARIABLE = YES;
				IPHONEOS_DEPLOYMENT_TARGET = 11.0;
				MTL_ENABLE_DEBUG_INFO = NO;
				SDKROOT = iphoneos;
				SWIFT_OPTIMIZATION_LEVEL = "-Owholemodule";
				VALIDATE_PRODUCT = YES;
			};
			name = Release;
		};
		CF54BED81EFF359D005B6F99 /* Debug */ = {
			isa = XCBuildConfiguration;
			buildSettings = {
				ASSETCATALOG_COMPILER_APPICON_NAME = AppIcon;
				DEVELOPMENT_TEAM = 2QP9NJ9GHE;
				INFOPLIST_FILE = "proj-2/Info.plist";
				LD_RUNPATH_SEARCH_PATHS = "$(inherited) @executable_path/Frameworks";
				PRODUCT_BUNDLE_IDENTIFIER = "com.rameshparthasarathy.proj-2";
				PRODUCT_NAME = "$(TARGET_NAME)";
				SWIFT_VERSION = 4.0;
				TARGETED_DEVICE_FAMILY = "1,2";
			};
			name = Debug;
		};
		CF54BED91EFF359D005B6F99 /* Release */ = {
			isa = XCBuildConfiguration;
			buildSettings = {
				ASSETCATALOG_COMPILER_APPICON_NAME = AppIcon;
				DEVELOPMENT_TEAM = 2QP9NJ9GHE;
				INFOPLIST_FILE = "proj-2/Info.plist";
				LD_RUNPATH_SEARCH_PATHS = "$(inherited) @executable_path/Frameworks";
				PRODUCT_BUNDLE_IDENTIFIER = "com.rameshparthasarathy.proj-2";
				PRODUCT_NAME = "$(TARGET_NAME)";
				SWIFT_VERSION = 4.0;
				TARGETED_DEVICE_FAMILY = "1,2";
			};
			name = Release;
		};
/* End XCBuildConfiguration section */

/* Begin XCConfigurationList section */
		CF54BEC01EFF359D005B6F99 /* Build configuration list for PBXProject "proj-2" */ = {
			isa = XCConfigurationList;
			buildConfigurations = (
				CF54BED51EFF359D005B6F99 /* Debug */,
				CF54BED61EFF359D005B6F99 /* Release */,
			);
			defaultConfigurationIsVisible = 0;
			defaultConfigurationName = Release;
		};
		CF54BED71EFF359D005B6F99 /* Build configuration list for PBXNativeTarget "proj-2" */ = {
			isa = XCConfigurationList;
			buildConfigurations = (
				CF54BED81EFF359D005B6F99 /* Debug */,
				CF54BED91EFF359D005B6F99 /* Release */,
			);
			defaultConfigurationIsVisible = 0;
		};
/* End XCConfigurationList section */
	};
	rootObject = CF54BEBD1EFF359D005B6F99 /* Project object */;
}
